
Microsoft Visual Studio Solution File, Format Version 12.00
# Visual Studio Version 17
VisualStudioVersion = 17.14.36221.1 d17.14
MinimumVisualStudioVersion = 10.0.40219.1
Project("{FAE04EC0-301F-11D3-BF4B-00C04F79EFBC}") = "PlanCrossCheck", "PlanCrossCheck.csproj", "{2802F34B-42C2-4AFE-9D0F-14ED86FC776B}"
EndProject
Global
	GlobalSection(SolutionConfigurationPlatforms) = preSolution
		Debug|Any CPU = Debug|Any CPU
		Release|Any CPU = Release|Any CPU
	EndGlobalSection
	GlobalSection(ProjectConfigurationPlatforms) = postSolution
		{2802F34B-42C2-4AFE-9D0F-14ED86FC776B}.Debug|Any CPU.ActiveCfg = Release|Any CPU
		{2802F34B-42C2-4AFE-9D0F-14ED86FC776B}.Debug|Any CPU.Build.0 = Release|Any CPU
		{2802F34B-42C2-4AFE-9D0F-14ED86FC776B}.Release|Any CPU.ActiveCfg = Release|Any CPU
		{2802F34B-42C2-4AFE-9D0F-14ED86FC776B}.Release|Any CPU.Build.0 = Release|Any CPU
	EndGlobalSection
	GlobalSection(SolutionProperties) = preSolution
		HideSolutionNode = FALSE
	EndGlobalSection
	GlobalSection(ExtensibilityGlobals) = postSolution
		SolutionGuid = {029DEFE4-4B80-44AA-ABF9-7607FF16B40F}
	EndGlobalSection
EndGlobal
